{
	"name": "@fvlab/postgresqlconfigurationstore",
	"version": "1.0.3",
	"lockfileVersion": 1,
	"requires": true,
	"dependencies": {
		"@fvlab/configurationstore": {
			"version": "1.0.6",
			"resolved": "https://registry.npmjs.org/@fvlab/configurationstore/-/configurationstore-1.0.6.tgz",
			"integrity": "sha512-MEduJ+1bdcrKEb3Tmdo/193jO80xK7HhWLw0Cc5TMeEE1rweRlotDkAVx5C+Wom0abdrNyVNPJUPCqNvc/1beA=="
		},
		"@types/events": {
			"version": "3.0.0",
			"resolved": "https://registry.npmjs.org/@types/events/-/events-3.0.0.tgz",
			"integrity": "sha512-EaObqwIvayI5a8dCzhFrjKzVwKLxjoG9T6Ppd5CEo07LRKfQ8Yokw54r5+Wq7FaBQ+yXRvQAYPrHwya1/UFt9g==",
			"dev": true
		},
		"@types/fs-extra": {
			"version": "7.0.0",
			"resolved": "https://registry.npmjs.org/@types/fs-extra/-/fs-extra-7.0.0.tgz",
			"integrity": "sha512-ndoMMbGyuToTy4qB6Lex/inR98nPiNHacsgMPvy+zqMLgSxbt8VtWpDArpGp69h1fEDQHn1KB+9DWD++wgbwYA==",
			"dev": true,
			"requires": {
				"@types/node": "*"
			}
		},
		"@types/glob": {
			"version": "7.1.1",
			"resolved": "https://registry.npmjs.org/@types/glob/-/glob-7.1.1.tgz",
			"integrity": "sha512-1Bh06cbWJUHMC97acuD6UMG29nMt0Aqz1vF3guLfG+kHHJhy3AyohZFFxYk2f7Q1SQIrNwvncxAE0N/9s70F2w==",
			"dev": true,
			"requires": {
				"@types/events": "*",
				"@types/minimatch": "*",
				"@types/node": "*"
			}
		},
		"@types/handlebars": {
			"version": "4.1.0",
			"resolved": "https://registry.npmjs.org/@types/handlebars/-/handlebars-4.1.0.tgz",
			"integrity": "sha512-gq9YweFKNNB1uFK71eRqsd4niVkXrxHugqWFQkeLRJvGjnxsLr16bYtcsG4tOFwmYi0Bax+wCkbf1reUfdl4kA==",
			"dev": true,
			"requires": {
				"handlebars": "*"
			}
		},
		"@types/highlight.js": {
			"version": "9.12.3",
			"resolved": "https://registry.npmjs.org/@types/highlight.js/-/highlight.js-9.12.3.tgz",
			"integrity": "sha512-pGF/zvYOACZ/gLGWdQH8zSwteQS1epp68yRcVLJMgUck/MjEn/FBYmPub9pXT8C1e4a8YZfHo1CKyV8q1vKUnQ==",
			"dev": true
		},
		"@types/lodash": {
			"version": "4.14.134",
			"resolved": "https://registry.npmjs.org/@types/lodash/-/lodash-4.14.134.tgz",
			"integrity": "sha512-2/O0khFUCFeDlbi7sZ7ZFRCcT812fAeOLm7Ev4KbwASkZ575TDrDcY7YyaoHdTOzKcNbfiwLYZqPmoC4wadrsw==",
			"dev": true
		},
		"@types/marked": {
			"version": "0.4.2",
			"resolved": "https://registry.npmjs.org/@types/marked/-/marked-0.4.2.tgz",
			"integrity": "sha512-cDB930/7MbzaGF6U3IwSQp6XBru8xWajF5PV2YZZeV8DyiliTuld11afVztGI9+yJZ29il5E+NpGA6ooV/Cjkg==",
			"dev": true
		},
		"@types/minimatch": {
			"version": "3.0.3",
			"resolved": "https://registry.npmjs.org/@types/minimatch/-/minimatch-3.0.3.tgz",
			"integrity": "sha512-tHq6qdbT9U1IRSGf14CL0pUlULksvY9OZ+5eEgl1N7t+OA3tGvNpxJCzuKQlsNgCVwbAs670L1vcVQi8j9HjnA==",
			"dev": true
		},
		"@types/node": {
			"version": "12.0.4",
			"resolved": "https://registry.npmjs.org/@types/node/-/node-12.0.4.tgz",
			"integrity": "sha512-j8YL2C0fXq7IONwl/Ud5Kt0PeXw22zGERt+HSSnwbKOJVsAGkEz3sFCYwaF9IOuoG1HOtE0vKCj6sXF7Q0+Vaw==",
			"dev": true
		},
		"@types/pg": {
			"version": "7.4.14",
			"resolved": "https://registry.npmjs.org/@types/pg/-/pg-7.4.14.tgz",
			"integrity": "sha512-2e4XapP9V/X42IGByC5IHzCzHqLLCNJid8iZBbkk6lkaDMvli8Rk62YE9wjGcLD5Qr5Zaw1ShkQyXy91PI8C0Q==",
			"dev": true,
			"requires": {
				"@types/node": "*",
				"@types/pg-types": "*"
			}
		},
		"@types/pg-format": {
			"version": "1.0.0",
			"resolved": "https://registry.npmjs.org/@types/pg-format/-/pg-format-1.0.0.tgz",
			"integrity": "sha512-Lcj+hQ6k8l1yOe+q7jUq5WOH9QIp4HgAbXsP5M8Ml3jxsaaL4ZENPLvSnJoxYrVsMIIODjwZ0h7ctFgAIyYZFA==",
			"dev": true,
			"requires": {
				"@types/node": "*"
			}
		},
		"@types/pg-types": {
			"version": "1.11.4",
			"resolved": "https://registry.npmjs.org/@types/pg-types/-/pg-types-1.11.4.tgz",
			"integrity": "sha512-WdIiQmE347LGc1Vq3Ki8sk3iyCuLgnccqVzgxek6gEHp2H0p3MQ3jniIHt+bRODXKju4kNQ+mp53lmP5+/9moQ==",
			"dev": true,
			"requires": {
				"moment": ">=2.14.0"
			}
		},
		"@types/shelljs": {
			"version": "0.8.5",
			"resolved": "https://registry.npmjs.org/@types/shelljs/-/shelljs-0.8.5.tgz",
			"integrity": "sha512-bZgjwIWu9gHCjirKJoOlLzGi5N0QgZ5t7EXEuoqyWCHTuSddURXo3FOBYDyRPNOWzZ6NbkLvZnVkn483Y/tvcQ==",
			"dev": true,
			"requires": {
				"@types/glob": "*",
				"@types/node": "*"
			}
		},
		"balanced-match": {
			"version": "1.0.0",
			"resolved": "https://registry.npmjs.org/balanced-match/-/balanced-match-1.0.0.tgz",
			"integrity": "sha1-ibTRmasr7kneFk6gK4nORi1xt2c=",
			"dev": true
		},
		"brace-expansion": {
			"version": "1.1.11",
			"resolved": "https://registry.npmjs.org/brace-expansion/-/brace-expansion-1.1.11.tgz",
			"integrity": "sha512-iCuPHDFgrHX7H2vEI/5xpz07zSHB00TpugqhmYtVmMO6518mCuRMoOYFldEBl0g187ufozdaHgWKcYFb61qGiA==",
			"dev": true,
			"requires": {
				"balanced-match": "^1.0.0",
				"concat-map": "0.0.1"
			}
		},
		"buffer-writer": {
			"version": "2.0.0",
			"resolved": "https://registry.npmjs.org/buffer-writer/-/buffer-writer-2.0.0.tgz",
			"integrity": "sha512-a7ZpuTZU1TRtnwyCNW3I5dc0wWNC3VR9S++Ewyk2HHZdrO3CQJqSpd+95Us590V6AL7JqUAH2IwZ/398PmNFgw=="
		},
		"commander": {
			"version": "2.20.0",
			"resolved": "https://registry.npmjs.org/commander/-/commander-2.20.0.tgz",
			"integrity": "sha512-7j2y+40w61zy6YC2iRNpUe/NwhNyoXrYpHMrSunaMG64nRnaf96zO/KMQR4OyN/UnE5KLyEBnKHd4aG3rskjpQ==",
			"dev": true,
			"optional": true
		},
		"concat-map": {
			"version": "0.0.1",
			"resolved": "https://registry.npmjs.org/concat-map/-/concat-map-0.0.1.tgz",
			"integrity": "sha1-2Klr13/Wjfd5OnMDajug1UBdR3s=",
			"dev": true
		},
		"fs-extra": {
			"version": "8.0.1",
			"resolved": "https://registry.npmjs.org/fs-extra/-/fs-extra-8.0.1.tgz",
			"integrity": "sha512-W+XLrggcDzlle47X/XnS7FXrXu9sDo+Ze9zpndeBxdgv88FHLm1HtmkhEwavruS6koanBjp098rUpHs65EmG7A==",
			"requires": {
				"graceful-fs": "^4.1.2",
				"jsonfile": "^4.0.0",
				"universalify": "^0.1.0"
			}
		},
		"fs.realpath": {
			"version": "1.0.0",
			"resolved": "https://registry.npmjs.org/fs.realpath/-/fs.realpath-1.0.0.tgz",
			"integrity": "sha1-FQStJSMVjKpA20onh8sBQRmU6k8=",
			"dev": true
		},
		"glob": {
			"version": "7.1.4",
			"resolved": "https://registry.npmjs.org/glob/-/glob-7.1.4.tgz",
			"integrity": "sha512-hkLPepehmnKk41pUGm3sYxoFs/umurYfYJCerbXEyFIWcAzvpipAgVkBqqT9RBKMGjnq6kMuyYwha6csxbiM1A==",
			"dev": true,
			"requires": {
				"fs.realpath": "^1.0.0",
				"inflight": "^1.0.4",
				"inherits": "2",
				"minimatch": "^3.0.4",
				"once": "^1.3.0",
				"path-is-absolute": "^1.0.0"
			}
		},
		"graceful-fs": {
			"version": "4.1.15",
			"resolved": "https://registry.npmjs.org/graceful-fs/-/graceful-fs-4.1.15.tgz",
			"integrity": "sha512-6uHUhOPEBgQ24HM+r6b/QwWfZq+yiFcipKFrOFiBEnWdy5sdzYoi+pJeQaPI5qOLRFqWmAXUPQNsielzdLoecA=="
		},
		"handlebars": {
			"version": "4.1.2",
			"resolved": "https://registry.npmjs.org/handlebars/-/handlebars-4.1.2.tgz",
			"integrity": "sha512-nvfrjqvt9xQ8Z/w0ijewdD/vvWDTOweBUm96NTr66Wfvo1mJenBLwcYmPs3TIBP5ruzYGD7Hx/DaM9RmhroGPw==",
			"dev": true,
			"requires": {
				"neo-async": "^2.6.0",
				"optimist": "^0.6.1",
				"source-map": "^0.6.1",
				"uglify-js": "^3.1.4"
			}
		},
		"highlight.js": {
			"version": "9.15.8",
			"resolved": "https://registry.npmjs.org/highlight.js/-/highlight.js-9.15.8.tgz",
			"integrity": "sha512-RrapkKQWwE+wKdF73VsOa2RQdIoO3mxwJ4P8mhbI6KYJUraUHRKM5w5zQQKXNk0xNL4UVRdulV9SBJcmzJNzVA==",
			"dev": true
		},
		"inflight": {
			"version": "1.0.6",
			"resolved": "https://registry.npmjs.org/inflight/-/inflight-1.0.6.tgz",
			"integrity": "sha1-Sb1jMdfQLQwJvJEKEHW6gWW1bfk=",
			"dev": true,
			"requires": {
				"once": "^1.3.0",
				"wrappy": "1"
			}
		},
		"inherits": {
			"version": "2.0.3",
			"resolved": "https://registry.npmjs.org/inherits/-/inherits-2.0.3.tgz",
			"integrity": "sha1-Yzwsg+PaQqUC9SRmAiSA9CCCYd4=",
			"dev": true
		},
		"interpret": {
			"version": "1.2.0",
			"resolved": "https://registry.npmjs.org/interpret/-/interpret-1.2.0.tgz",
			"integrity": "sha512-mT34yGKMNceBQUoVn7iCDKDntA7SC6gycMAWzGx1z/CMCTV7b2AAtXlo3nRyHZ1FelRkQbQjprHSYGwzLtkVbw==",
			"dev": true
		},
		"jsonfile": {
			"version": "4.0.0",
			"resolved": "https://registry.npmjs.org/jsonfile/-/jsonfile-4.0.0.tgz",
			"integrity": "sha1-h3Gq4HmbZAdrdmQPygWPnBDjPss=",
			"requires": {
				"graceful-fs": "^4.1.6"
			}
		},
		"lodash": {
			"version": "4.17.11",
			"resolved": "https://registry.npmjs.org/lodash/-/lodash-4.17.11.tgz",
			"integrity": "sha512-cQKh8igo5QUhZ7lg38DYWAxMvjSAKG0A8wGSVimP07SIUEK2UO+arSRKbRZWtelMtN5V0Hkwh5ryOto/SshYIg==",
			"dev": true
		},
		"marked": {
			"version": "0.4.0",
			"resolved": "https://registry.npmjs.org/marked/-/marked-0.4.0.tgz",
			"integrity": "sha512-tMsdNBgOsrUophCAFQl0XPe6Zqk/uy9gnue+jIIKhykO51hxyu6uNx7zBPy0+y/WKYVZZMspV9YeXLNdKk+iYw==",
			"dev": true
		},
		"minimatch": {
			"version": "3.0.4",
			"resolved": "https://registry.npmjs.org/minimatch/-/minimatch-3.0.4.tgz",
			"integrity": "sha512-yJHVQEhyqPLUTgt9B83PXu6W3rx4MvvHvSUvToogpwoGDOUQ+yDrR0HRot+yOCdCO7u4hX3pWft6kWBBcqh0UA==",
			"dev": true,
			"requires": {
				"brace-expansion": "^1.1.7"
			}
		},
		"minimist": {
			"version": "0.0.10",
			"resolved": "https://registry.npmjs.org/minimist/-/minimist-0.0.10.tgz",
			"integrity": "sha1-3j+YVD2/lggr5IrRoMfNqDYwHc8=",
			"dev": true
		},
		"moment": {
			"version": "2.24.0",
			"resolved": "https://registry.npmjs.org/moment/-/moment-2.24.0.tgz",
			"integrity": "sha512-bV7f+6l2QigeBBZSM/6yTNq4P2fNpSWj/0e7jQcy87A8e7o2nAfP/34/2ky5Vw4B9S446EtIhodAzkFCcR4dQg==",
			"dev": true
		},
		"neo-async": {
			"version": "2.6.1",
			"resolved": "https://registry.npmjs.org/neo-async/-/neo-async-2.6.1.tgz",
			"integrity": "sha512-iyam8fBuCUpWeKPGpaNMetEocMt364qkCsfL9JuhjXX6dRnguRVOfk2GZaDpPjcOKiiXCPINZC1GczQ7iTq3Zw==",
			"dev": true
		},
		"once": {
			"version": "1.4.0",
			"resolved": "https://registry.npmjs.org/once/-/once-1.4.0.tgz",
			"integrity": "sha1-WDsap3WWHUsROsF9nFC6753Xa9E=",
			"dev": true,
			"requires": {
				"wrappy": "1"
			}
		},
		"optimist": {
			"version": "0.6.1",
			"resolved": "https://registry.npmjs.org/optimist/-/optimist-0.6.1.tgz",
			"integrity": "sha1-2j6nRob6IaGaERwybpDrFaAZZoY=",
			"dev": true,
			"requires": {
				"minimist": "~0.0.1",
				"wordwrap": "~0.0.2"
			}
		},
		"packet-reader": {
			"version": "1.0.0",
			"resolved": "https://registry.npmjs.org/packet-reader/-/packet-reader-1.0.0.tgz",
			"integrity": "sha512-HAKu/fG3HpHFO0AA8WE8q2g+gBJaZ9MG7fcKk+IJPLTGAD6Psw4443l+9DGRbOIh3/aXr7Phy0TjilYivJo5XQ=="
		},
		"path-is-absolute": {
			"version": "1.0.1",
			"resolved": "https://registry.npmjs.org/path-is-absolute/-/path-is-absolute-1.0.1.tgz",
			"integrity": "sha1-F0uSaHNVNP+8es5r9TpanhtcX18=",
			"dev": true
		},
		"path-parse": {
			"version": "1.0.6",
			"resolved": "https://registry.npmjs.org/path-parse/-/path-parse-1.0.6.tgz",
			"integrity": "sha512-GSmOT2EbHrINBf9SR7CDELwlJ8AENk3Qn7OikK4nFYAu3Ote2+JYNVvkpAEQm3/TLNEJFD/xZJjzyxg3KBWOzw==",
			"dev": true
		},
		"pg": {
			"version": "7.11.0",
			"resolved": "https://registry.npmjs.org/pg/-/pg-7.11.0.tgz",
			"integrity": "sha512-YO4V7vCmEMGoF390LJaFaohWNKaA2ayoQOEZmiHVcAUF+YsRThpf/TaKCgSvsSE7cDm37Q/Cy3Gz41xiX/XjTw==",
			"requires": {
				"buffer-writer": "2.0.0",
				"packet-reader": "1.0.0",
				"pg-connection-string": "0.1.3",
				"pg-pool": "^2.0.4",
				"pg-types": "~2.0.0",
				"pgpass": "1.x",
				"semver": "4.3.2"
			}
		},
		"pg-connection-string": {
			"version": "0.1.3",
			"resolved": "https://registry.npmjs.org/pg-connection-string/-/pg-connection-string-0.1.3.tgz",
			"integrity": "sha1-2hhHsglA5C7hSSvq9l1J2RskXfc="
		},
		"pg-format": {
			"version": "1.0.4",
			"resolved": "https://registry.npmjs.org/pg-format/-/pg-format-1.0.4.tgz",
			"integrity": "sha1-J3NCNsKtP05QZJFaWTNOIAQKgo4="
		},
		"pg-int8": {
			"version": "1.0.1",
			"resolved": "https://registry.npmjs.org/pg-int8/-/pg-int8-1.0.1.tgz",
			"integrity": "sha512-WCtabS6t3c8SkpDBUlb1kjOs7l66xsGdKpIPZsg4wR+B3+u9UAum2odSsF9tnvxg80h4ZxLWMy4pRjOsFIqQpw=="
		},
		"pg-pool": {
			"version": "2.0.6",
			"resolved": "https://registry.npmjs.org/pg-pool/-/pg-pool-2.0.6.tgz",
			"integrity": "sha512-hod2zYQxM8Gt482q+qONGTYcg/qVcV32VHVPtktbBJs0us3Dj7xibISw0BAAXVMCzt8A/jhfJvpZaxUlqtqs0g=="
		},
		"pg-types": {
			"version": "2.0.1",
			"resolved": "https://registry.npmjs.org/pg-types/-/pg-types-2.0.1.tgz",
			"integrity": "sha512-b7y6QM1VF5nOeX9ukMQ0h8a9z89mojrBHXfJeSug4mhL0YpxNBm83ot2TROyoAmX/ZOX3UbwVO4EbH7i1ZZNiw==",
			"requires": {
				"pg-int8": "1.0.1",
				"postgres-array": "~2.0.0",
				"postgres-bytea": "~1.0.0",
				"postgres-date": "~1.0.4",
				"postgres-interval": "^1.1.0"
			}
		},
		"pgpass": {
			"version": "1.0.2",
			"resolved": "https://registry.npmjs.org/pgpass/-/pgpass-1.0.2.tgz",
			"integrity": "sha1-Knu0G2BltnkH6R2hsHwYR8h3swY=",
			"requires": {
				"split": "^1.0.0"
			}
		},
		"postgres-array": {
			"version": "2.0.0",
			"resolved": "https://registry.npmjs.org/postgres-array/-/postgres-array-2.0.0.tgz",
			"integrity": "sha512-VpZrUqU5A69eQyW2c5CA1jtLecCsN2U/bD6VilrFDWq5+5UIEVO7nazS3TEcHf1zuPYO/sqGvUvW62g86RXZuA=="
		},
		"postgres-bytea": {
			"version": "1.0.0",
			"resolved": "https://registry.npmjs.org/postgres-bytea/-/postgres-bytea-1.0.0.tgz",
			"integrity": "sha1-AntTPAqokOJtFy1Hz5zOzFIazTU="
		},
		"postgres-date": {
			"version": "1.0.4",
			"resolved": "https://registry.npmjs.org/postgres-date/-/postgres-date-1.0.4.tgz",
			"integrity": "sha512-bESRvKVuTrjoBluEcpv2346+6kgB7UlnqWZsnbnCccTNq/pqfj1j6oBaN5+b/NrDXepYUT/HKadqv3iS9lJuVA=="
		},
		"postgres-interval": {
			"version": "1.2.0",
			"resolved": "https://registry.npmjs.org/postgres-interval/-/postgres-interval-1.2.0.tgz",
			"integrity": "sha512-9ZhXKM/rw350N1ovuWHbGxnGh/SNJ4cnxHiM0rxE4VN41wsg8P8zWn9hv/buK00RP4WvlOyr/RBDiptyxVbkZQ==",
			"requires": {
				"xtend": "^4.0.0"
			}
		},
		"progress": {
			"version": "2.0.3",
			"resolved": "https://registry.npmjs.org/progress/-/progress-2.0.3.tgz",
			"integrity": "sha512-7PiHtLll5LdnKIMw100I+8xJXR5gW2QwWYkT6iJva0bXitZKa/XMrSbdmg3r2Xnaidz9Qumd0VPaMrZlF9V9sA==",
			"dev": true
		},
		"rechoir": {
			"version": "0.6.2",
			"resolved": "https://registry.npmjs.org/rechoir/-/rechoir-0.6.2.tgz",
			"integrity": "sha1-hSBLVNuoLVdC4oyWdW70OvUOM4Q=",
			"dev": true,
			"requires": {
				"resolve": "^1.1.6"
			}
		},
		"resolve": {
			"version": "1.11.0",
			"resolved": "https://registry.npmjs.org/resolve/-/resolve-1.11.0.tgz",
			"integrity": "sha512-WL2pBDjqT6pGUNSUzMw00o4T7If+z4H2x3Gz893WoUQ5KW8Vr9txp00ykiP16VBaZF5+j/OcXJHZ9+PCvdiDKw==",
			"dev": true,
			"requires": {
				"path-parse": "^1.0.6"
			}
		},
		"semver": {
			"version": "4.3.2",
			"resolved": "https://registry.npmjs.org/semver/-/semver-4.3.2.tgz",
			"integrity": "sha1-x6BxWKgL7dBSNVt3DYLWZA+AO+c="
		},
		"shelljs": {
			"version": "0.8.3",
			"resolved": "https://registry.npmjs.org/shelljs/-/shelljs-0.8.3.tgz",
			"integrity": "sha512-fc0BKlAWiLpwZljmOvAOTE/gXawtCoNrP5oaY7KIaQbbyHeQVg01pSEuEGvGh3HEdBU4baCD7wQBwADmM/7f7A==",
			"dev": true,
			"requires": {
				"glob": "^7.0.0",
				"interpret": "^1.0.0",
				"rechoir": "^0.6.2"
			}
		},
		"source-map": {
			"version": "0.6.1",
			"resolved": "https://registry.npmjs.org/source-map/-/source-map-0.6.1.tgz",
			"integrity": "sha512-UjgapumWlbMhkBgzT7Ykc5YXUT46F0iKu8SGXq0bcwP5dz/h0Plj6enJqjz1Zbq2l5WaqYnrVbwWOWMyF3F47g==",
			"dev": true
		},
		"split": {
			"version": "1.0.1",
			"resolved": "https://registry.npmjs.org/split/-/split-1.0.1.tgz",
			"integrity": "sha512-mTyOoPbrivtXnwnIxZRFYRrPNtEFKlpB2fvjSnCQUiAA6qAZzqwna5envK4uk6OIeP17CsdF3rSBGYVBsU0Tkg==",
			"requires": {
				"through": "2"
			}
		},
		"through": {
			"version": "2.3.8",
			"resolved": "https://registry.npmjs.org/through/-/through-2.3.8.tgz",
			"integrity": "sha1-DdTJ/6q8NXlgsbckEV1+Doai4fU="
		},
		"typedoc": {
			"version": "0.14.2",
			"resolved": "https://registry.npmjs.org/typedoc/-/typedoc-0.14.2.tgz",
			"integrity": "sha512-aEbgJXV8/KqaVhcedT7xG6d2r+mOvB5ep3eIz1KuB5sc4fDYXcepEEMdU7XSqLFO5hVPu0nllHi1QxX2h/QlpQ==",
			"dev": true,
			"requires": {
				"@types/fs-extra": "^5.0.3",
				"@types/handlebars": "^4.0.38",
				"@types/highlight.js": "^9.12.3",
				"@types/lodash": "^4.14.110",
				"@types/marked": "^0.4.0",
				"@types/minimatch": "3.0.3",
				"@types/shelljs": "^0.8.0",
				"fs-extra": "^7.0.0",
				"handlebars": "^4.0.6",
				"highlight.js": "^9.13.1",
				"lodash": "^4.17.10",
				"marked": "^0.4.0",
				"minimatch": "^3.0.0",
				"progress": "^2.0.0",
				"shelljs": "^0.8.2",
				"typedoc-default-themes": "^0.5.0",
				"typescript": "3.2.x"
			},
			"dependencies": {
				"@types/fs-extra": {
					"version": "5.1.0",
					"resolved": "https://registry.npmjs.org/@types/fs-extra/-/fs-extra-5.1.0.tgz",
					"integrity": "sha512-AInn5+UBFIK9FK5xc9yP5e3TQSPNNgjHByqYcj9g5elVBnDQcQL7PlO1CIRy2gWlbwK7UPYqi7vRvFA44dCmYQ==",
					"dev": true,
					"requires": {
						"@types/node": "*"
					}
				},
				"fs-extra": {
					"version": "7.0.1",
					"resolved": "https://registry.npmjs.org/fs-extra/-/fs-extra-7.0.1.tgz",
					"integrity": "sha512-YJDaCJZEnBmcbw13fvdAM9AwNOJwOzrE4pqMqBq5nFiEqXUqHwlK4B+3pUw6JNvfSPtX05xFHtYy/1ni01eGCw==",
					"dev": true,
					"requires": {
						"graceful-fs": "^4.1.2",
						"jsonfile": "^4.0.0",
						"universalify": "^0.1.0"
					}
				},
				"typescript": {
					"version": "3.2.4",
					"resolved": "https://registry.npmjs.org/typescript/-/typescript-3.2.4.tgz",
					"integrity": "sha512-0RNDbSdEokBeEAkgNbxJ+BLwSManFy9TeXz8uW+48j/xhEXv1ePME60olyzw2XzUqUBNAYFeJadIqAgNqIACwg==",
					"dev": true
				}
			}
		},
		"typedoc-default-themes": {
			"version": "0.5.0",
			"resolved": "https://registry.npmjs.org/typedoc-default-themes/-/typedoc-default-themes-0.5.0.tgz",
			"integrity": "sha1-bcJDPnjti+qOiHo6zeLzF4W9Yic=",
			"dev": true
		},
		"typescript": {
			"version": "3.5.1",
			"resolved": "https://registry.npmjs.org/typescript/-/typescript-3.5.1.tgz",
			"integrity": "sha512-64HkdiRv1yYZsSe4xC1WVgamNigVYjlssIoaH2HcZF0+ijsk5YK2g0G34w9wJkze8+5ow4STd22AynfO6ZYYLw==",
			"dev": true
		},
		"uglify-js": {
			"version": "3.6.0",
			"resolved": "https://registry.npmjs.org/uglify-js/-/uglify-js-3.6.0.tgz",
			"integrity": "sha512-W+jrUHJr3DXKhrsS7NUVxn3zqMOFn0hL/Ei6v0anCIMoKC93TjcflTagwIHLW7SfMFfiQuktQyFVCFHGUE0+yg==",
			"dev": true,
			"optional": true,
			"requires": {
				"commander": "~2.20.0",
				"source-map": "~0.6.1"
			}
		},
		"universalify": {
			"version": "0.1.2",
			"resolved": "https://registry.npmjs.org/universalify/-/universalify-0.1.2.tgz",
			"integrity": "sha512-rBJeI5CXAlmy1pV+617WB9J63U6XcazHHF2f2dbJix4XzpUF0RS3Zbj0FGIOCAva5P/d/GBOYaACQ1w+0azUkg=="
		},
		"wordwrap": {
			"version": "0.0.3",
			"resolved": "https://registry.npmjs.org/wordwrap/-/wordwrap-0.0.3.tgz",
			"integrity": "sha1-o9XabNXAvAAI03I0u68b7WMFkQc=",
			"dev": true
		},
		"wrappy": {
			"version": "1.0.2",
			"resolved": "https://registry.npmjs.org/wrappy/-/wrappy-1.0.2.tgz",
			"integrity": "sha1-tSQ9jz7BqjXxNkYFvA0QNuMKtp8=",
			"dev": true
		},
		"xtend": {
			"version": "4.0.1",
			"resolved": "https://registry.npmjs.org/xtend/-/xtend-4.0.1.tgz",
			"integrity": "sha1-pcbVMr5lbiPbgg77lDofBJmNY68="
		}
	}
}
